
Microsoft Visual Studio Solution File, Format Version 12.00
# Visual Studio Version 16
VisualStudioVersion = 16.0.29215.179
MinimumVisualStudioVersion = 10.0.40219.1
Project("{FAE04EC0-301F-11D3-BF4B-00C04F79EFBC}") = "JenkinsUnitTest.App", "JenkinsUnitTest.App\JenkinsUnitTest.App.csproj", "{3DBC0D44-B3B9-420F-A4A4-64BD3A4F5272}"
EndProject
Project("{FAE04EC0-301F-11D3-BF4B-00C04F79EFBC}") = "JenkinsUnitTest.XUnitTest", "JenkinsUnitTest.XUnitTest\JenkinsUnitTest.XUnitTest.csproj", "{E6BA0FF5-0D54-453C-B809-B01EF688A82D}"
EndProject
Global
	GlobalSection(SolutionConfigurationPlatforms) = preSolution
		Debug|Any CPU = Debug|Any CPU
		Release|Any CPU = Release|Any CPU
	EndGlobalSection
	GlobalSection(ProjectConfigurationPlatforms) = postSolution
		{3DBC0D44-B3B9-420F-A4A4-64BD3A4F5272}.Debug|Any CPU.ActiveCfg = Debug|Any CPU
		{3DBC0D44-B3B9-420F-A4A4-64BD3A4F5272}.Debug|Any CPU.Build.0 = Debug|Any CPU
		{3DBC0D44-B3B9-420F-A4A4-64BD3A4F5272}.Release|Any CPU.ActiveCfg = Release|Any CPU
		{3DBC0D44-B3B9-420F-A4A4-64BD3A4F5272}.Release|Any CPU.Build.0 = Release|Any CPU
		{E6BA0FF5-0D54-453C-B809-B01EF688A82D}.Debug|Any CPU.ActiveCfg = Debug|Any CPU
		{E6BA0FF5-0D54-453C-B809-B01EF688A82D}.Debug|Any CPU.Build.0 = Debug|Any CPU
		{E6BA0FF5-0D54-453C-B809-B01EF688A82D}.Release|Any CPU.ActiveCfg = Release|Any CPU
		{E6BA0FF5-0D54-453C-B809-B01EF688A82D}.Release|Any CPU.Build.0 = Release|Any CPU
	EndGlobalSection
	GlobalSection(SolutionProperties) = preSolution
		HideSolutionNode = FALSE
	EndGlobalSection
	GlobalSection(ExtensibilityGlobals) = postSolution
		SolutionGuid = {C6C6995D-970B-4C96-B2F9-C942DC54FB8B}
	EndGlobalSection
EndGlobal
